{
  "version": "4",
  "specifiers": {
    "npm:@types/leaflet.markercluster@^1.5.4": "1.5.5",
    "npm:@types/leaflet@^1.9.8": "1.9.16",
    "npm:leaflet.markercluster@^1.5.3": "1.5.3_leaflet@1.9.4",
    "npm:leaflet@^1.9.4": "1.9.4",
    "npm:reveal.js@^5.0.5": "5.1.0"
  },
  "npm": {
    "@types/geojson@7946.0.16": {
      "integrity": "sha512-6C8nqWur3j98U6+lXDfTUWIfgvZU+EumvpHKcYjujKH7woYyLj2sUmff0tRhrqM7BohUw7Pz3ZB1jj2gW9Fvmg=="
    },
    "@types/leaflet.markercluster@1.5.5": {
      "integrity": "sha512-TkWOhSHDM1ANxmLi+uK0PjsVcjIKBr8CLV2WoF16dIdeFmC0Cj5P5axkI3C1Xsi4+ht6EU8+BfEbbqEF9icPrg==",
      "dependencies": [
        "@types/leaflet"
      ]
    },
    "@types/leaflet@1.9.16": {
      "integrity": "sha512-wzZoyySUxkgMZ0ihJ7IaUIblG8Rdc8AbbZKLneyn+QjYsj5q1QU7TEKYqwTr10BGSzY5LI7tJk9Ifo+mEjdFRw==",
      "dependencies": [
        "@types/geojson"
      ]
    },
    "leaflet.markercluster@1.5.3_leaflet@1.9.4": {
      "integrity": "sha512-vPTw/Bndq7eQHjLBVlWpnGeLa3t+3zGiuM7fJwCkiMFq+nmRuG3RI3f7f4N4TDX7T4NpbAXpR2+NTRSEGfCSeA==",
      "dependencies": [
        "leaflet"
      ]
    },
    "leaflet@1.9.4": {
      "integrity": "sha512-nxS1ynzJOmOlHp+iL3FyWqK89GtNL8U8rvlMOsQdTTssxZwCXh8N2NB3GDQOL+YR3XnWyZAxwQixURb+FA74PA=="
    },
    "reveal.js@5.1.0": {
      "integrity": "sha512-KDt7m0+xwKV6nAZt4CNPVFBf42sTKRQapg0bGGKB5PKO5XvChnMfwlZkybydHiQJ7p5+6LbHKRGrhXODdoNIaA=="
    }
  },
  "workspace": {
    "dependencies": [
      "npm:@types/leaflet.markercluster@^1.5.4",
      "npm:@types/leaflet@^1.9.8",
      "npm:leaflet.markercluster@^1.5.3",
      "npm:leaflet@^1.9.4",
      "npm:reveal.js@^5.0.5"
    ]
  }
}
